
Microsoft Visual Studio Solution File, Format Version 12.00
# Visual Studio 2012
Project("{FAE04EC0-301F-11D3-BF4B-00C04F79EFBC}") = "JonSkeetQuiz", "JonSkeetQuiz\JonSkeetQuiz.csproj", "{540D2C7D-366F-46DD-9209-642E787AA8F7}"
EndProject
Global
	GlobalSection(SolutionConfigurationPlatforms) = preSolution
		Debug|Any CPU = Debug|Any CPU
		Release|Any CPU = Release|Any CPU
	EndGlobalSection
	GlobalSection(ProjectConfigurationPlatforms) = postSolution
		{540D2C7D-366F-46DD-9209-642E787AA8F7}.Debug|Any CPU.ActiveCfg = Debug|Any CPU
		{540D2C7D-366F-46DD-9209-642E787AA8F7}.Debug|Any CPU.Build.0 = Debug|Any CPU
		{540D2C7D-366F-46DD-9209-642E787AA8F7}.Release|Any CPU.ActiveCfg = Release|Any CPU
		{540D2C7D-366F-46DD-9209-642E787AA8F7}.Release|Any CPU.Build.0 = Release|Any CPU
	EndGlobalSection
EndGlobal
